
Microsoft Visual Studio Solution File, Format Version 12.00
# Visual Studio 15
VisualStudioVersion = 15.0.28307.136
MinimumVisualStudioVersion = 10.0.40219.1
Project("{FAE04EC0-301F-11D3-BF4B-00C04F79EFBC}") = "nehool_project", "nehool_project\nehool_project.csproj", "{1704DE5B-910B-4834-880B-BEE37494DA23}"
EndProject
Global
	GlobalSection(SolutionConfigurationPlatforms) = preSolution
		Debug|Any CPU = Debug|Any CPU
		Release|Any CPU = Release|Any CPU
	EndGlobalSection
	GlobalSection(ProjectConfigurationPlatforms) = postSolution
		{1704DE5B-910B-4834-880B-BEE37494DA23}.Debug|Any CPU.ActiveCfg = Debug|Any CPU
		{1704DE5B-910B-4834-880B-BEE37494DA23}.Debug|Any CPU.Build.0 = Debug|Any CPU
		{1704DE5B-910B-4834-880B-BEE37494DA23}.Release|Any CPU.ActiveCfg = Release|Any CPU
		{1704DE5B-910B-4834-880B-BEE37494DA23}.Release|Any CPU.Build.0 = Release|Any CPU
	EndGlobalSection
	GlobalSection(SolutionProperties) = preSolution
		HideSolutionNode = FALSE
	EndGlobalSection
	GlobalSection(ExtensibilityGlobals) = postSolution
		SolutionGuid = {02E85221-8635-4713-9842-1F300DE1C624}
	EndGlobalSection
EndGlobal
